dependencies:
  youtube-sr: 2.0.5
  ytdl-core: 4.4.0
lockfileVersion: 5.2
packages:
  /m3u8stream/0.8.3:
    dependencies:
      miniget: 4.1.0
      sax: 1.2.4
    dev: false
    engines:
      node: '>=10'
    resolution:
      integrity: sha512-0nAcdrF8YJKUkb6PzWdvGftTPyCVWgoiot1AkNVbPKTeIGsWs6DrOjifrJ0Zi8WQfQmD2SuVCjkYIOip12igng==
  /miniget/4.1.0:
    dev: false
    engines:
      node: '>=10'
    resolution:
      integrity: sha512-kzhrNv5L7LlomwGmPGQsLQ2PnT1LeJJWfB0wNFGyv426gEM1gsfziBQmfkr6XOBA8EusZg9nowlNT5CbuKTjZg==
  /node-fetch/2.6.1:
    dev: false
    engines:
      node: 4.x || >=6.0.0
    resolution:
      integrity: sha512-V4aYg89jEoVRxRb2fJdAg8FHvI7cEyYdVAh94HH0UIK8oJxUfkjlDQN9RbMx+bEjP7+ggMiFRprSti032Oipxw==
  /sax/1.2.4:
    dev: false
    resolution:
      integrity: sha512-NqVDv9TpANUjFm0N8uM5GxL36UgKi9/atZw+x7YFnQ8ckwFGKrl4xX4yWtrey3UJm5nP1kUbnYgLopqWNSRhWw==
  /youtube-sr/2.0.5:
    dependencies:
      node-fetch: 2.6.1
    dev: false
    resolution:
      integrity: sha512-46aBX3ZCPa9zgZz1HsoeyZnFbBSUmwPYjxZuwcKRGDPCzaj9StBa6UUSnPAr39NTqULbeHGAkMpMRInL4x2+Rg==
  /ytdl-core/4.4.0:
    dependencies:
      m3u8stream: 0.8.3
      miniget: 4.1.0
      sax: 1.2.4
    dev: false
    engines:
      node: '>=10'
    resolution:
      integrity: sha512-9ceiEL5iM0OULciBySzoZA91YyxqnlHd3aeqf5r3S8rNgPGLDn11fJeEsKO1jQ1t/eYO1dK4zTkrIH7S497cyg==
specifiers:
  youtube-sr: ^2.0.5
  ytdl-core: ^4.4.0
